
Microsoft Visual Studio Solution File, Format Version 12.00
# Visual Studio 15
VisualStudioVersion = 15.0.28307.102
MinimumVisualStudioVersion = 10.0.40219.1
Project("{FAE04EC0-301F-11D3-BF4B-00C04F79EFBC}") = "PW2018_P2", "PW2018_P2\PW2018_P2.csproj", "{D9AD60F8-3134-421F-9FC8-3EB6ECAA51D4}"
EndProject
Global
	GlobalSection(SolutionConfigurationPlatforms) = preSolution
		Debug|Any CPU = Debug|Any CPU
		Release|Any CPU = Release|Any CPU
	EndGlobalSection
	GlobalSection(ProjectConfigurationPlatforms) = postSolution
		{D9AD60F8-3134-421F-9FC8-3EB6ECAA51D4}.Debug|Any CPU.ActiveCfg = Debug|Any CPU
		{D9AD60F8-3134-421F-9FC8-3EB6ECAA51D4}.Debug|Any CPU.Build.0 = Debug|Any CPU
		{D9AD60F8-3134-421F-9FC8-3EB6ECAA51D4}.Release|Any CPU.ActiveCfg = Release|Any CPU
		{D9AD60F8-3134-421F-9FC8-3EB6ECAA51D4}.Release|Any CPU.Build.0 = Release|Any CPU
	EndGlobalSection
	GlobalSection(SolutionProperties) = preSolution
		HideSolutionNode = FALSE
	EndGlobalSection
	GlobalSection(ExtensibilityGlobals) = postSolution
		SolutionGuid = {A768282E-5A95-42F4-9A46-DBA9420896AF}
	EndGlobalSection
EndGlobal
